
Microsoft Visual Studio Solution File, Format Version 12.00
# Visual Studio 14
VisualStudioVersion = 14.0.25123.0
MinimumVisualStudioVersion = 10.0.40219.1
Project("{FAE04EC0-301F-11D3-BF4B-00C04F79EFBC}") = "FindInFile", "Advanced File Search\FindInFile.csproj", "{86553A57-8A13-4055-A4DB-9609DE2CBE29}"
EndProject
Project("{FAE04EC0-301F-11D3-BF4B-00C04F79EFBC}") = "TestSearchAlgorithims", "TestSearchAlgorithims\TestSearchAlgorithims.csproj", "{DC1FD0FA-BB93-485C-BCAD-CA8D9B93F1C0}"
EndProject
Project("{FAE04EC0-301F-11D3-BF4B-00C04F79EFBC}") = "FindInFile.Wpf.Desktop", "FindInFile_Wpf\FindInFile.Wpf.Desktop.csproj", "{9FAF77A6-B507-48BC-8137-CDE6EFAFAC37}"
EndProject
Project("{FAE04EC0-301F-11D3-BF4B-00C04F79EFBC}") = "SearchAggregatorUtility", "SearchAggregator\SearchAggregatorUtility.csproj", "{FAE9A076-C72F-41C7-8FA1-86FA03AEB80E}"
EndProject
Project("{FAE04EC0-301F-11D3-BF4B-00C04F79EFBC}") = "FindInFile.Models", "FindInFile.Models\FindInFile.Models.csproj", "{A7518F4C-3B99-4A83-807F-15CDFE719A6E}"
EndProject
Global
	GlobalSection(SolutionConfigurationPlatforms) = preSolution
		Debug|Any CPU = Debug|Any CPU
		Release|Any CPU = Release|Any CPU
	EndGlobalSection
	GlobalSection(ProjectConfigurationPlatforms) = postSolution
		{86553A57-8A13-4055-A4DB-9609DE2CBE29}.Debug|Any CPU.ActiveCfg = Debug|Any CPU
		{86553A57-8A13-4055-A4DB-9609DE2CBE29}.Debug|Any CPU.Build.0 = Debug|Any CPU
		{86553A57-8A13-4055-A4DB-9609DE2CBE29}.Release|Any CPU.ActiveCfg = Release|Any CPU
		{86553A57-8A13-4055-A4DB-9609DE2CBE29}.Release|Any CPU.Build.0 = Release|Any CPU
		{DC1FD0FA-BB93-485C-BCAD-CA8D9B93F1C0}.Debug|Any CPU.ActiveCfg = Debug|Any CPU
		{DC1FD0FA-BB93-485C-BCAD-CA8D9B93F1C0}.Debug|Any CPU.Build.0 = Debug|Any CPU
		{DC1FD0FA-BB93-485C-BCAD-CA8D9B93F1C0}.Release|Any CPU.ActiveCfg = Release|Any CPU
		{DC1FD0FA-BB93-485C-BCAD-CA8D9B93F1C0}.Release|Any CPU.Build.0 = Release|Any CPU
		{9FAF77A6-B507-48BC-8137-CDE6EFAFAC37}.Debug|Any CPU.ActiveCfg = Debug|Any CPU
		{9FAF77A6-B507-48BC-8137-CDE6EFAFAC37}.Debug|Any CPU.Build.0 = Debug|Any CPU
		{9FAF77A6-B507-48BC-8137-CDE6EFAFAC37}.Release|Any CPU.ActiveCfg = Release|Any CPU
		{9FAF77A6-B507-48BC-8137-CDE6EFAFAC37}.Release|Any CPU.Build.0 = Release|Any CPU
		{FAE9A076-C72F-41C7-8FA1-86FA03AEB80E}.Debug|Any CPU.ActiveCfg = Debug|Any CPU
		{FAE9A076-C72F-41C7-8FA1-86FA03AEB80E}.Debug|Any CPU.Build.0 = Debug|Any CPU
		{FAE9A076-C72F-41C7-8FA1-86FA03AEB80E}.Release|Any CPU.ActiveCfg = Release|Any CPU
		{FAE9A076-C72F-41C7-8FA1-86FA03AEB80E}.Release|Any CPU.Build.0 = Release|Any CPU
		{A7518F4C-3B99-4A83-807F-15CDFE719A6E}.Debug|Any CPU.ActiveCfg = Debug|Any CPU
		{A7518F4C-3B99-4A83-807F-15CDFE719A6E}.Debug|Any CPU.Build.0 = Debug|Any CPU
		{A7518F4C-3B99-4A83-807F-15CDFE719A6E}.Release|Any CPU.ActiveCfg = Release|Any CPU
		{A7518F4C-3B99-4A83-807F-15CDFE719A6E}.Release|Any CPU.Build.0 = Release|Any CPU
	EndGlobalSection
	GlobalSection(SolutionProperties) = preSolution
		HideSolutionNode = FALSE
	EndGlobalSection
EndGlobal
